
Microsoft Visual Studio Solution File, Format Version 12.00
# Visual Studio Version 17
VisualStudioVersion = 17.11.35327.3
MinimumVisualStudioVersion = 10.0.40219.1
Project("{9A19103F-16F7-4668-BE54-9A1E7A4F7556}") = "Sorem.Custom.SFTP", "Sorem.Custom.SFTP\Sorem.Custom.SFTP.csproj", "{A04D70E3-69E5-4E56-A191-54564E31AC3E}"
EndProject
Project("{9A19103F-16F7-4668-BE54-9A1E7A4F7556}") = "Soren.Custom.Worker", "Soren.Custom.Worker\Soren.Custom.Worker.csproj", "{1BAC2B8A-03CE-42A1-B45E-067A43CF4809}"
EndProject
Project("{FAE04EC0-301F-11D3-BF4B-00C04F79EFBC}") = "Soren.Custom.Domain", "Soren.Custom.Domain\Soren.Custom.Domain.csproj", "{A0968DCA-FC36-4F2D-B188-AD21BC54786B}"
EndProject
Project("{FAE04EC0-301F-11D3-BF4B-00C04F79EFBC}") = "Soren.Custom.Infra", "Soren.Custom.Infra\Soren.Custom.Infra.csproj", "{08992508-F7EF-4562-A1EE-4F7EED15AC48}"
EndProject
Project("{FAE04EC0-301F-11D3-BF4B-00C04F79EFBC}") = "Soren.Custom.Service", "Soren.Custom.Service\Soren.Custom.Service.csproj", "{2208D98F-6DE3-405A-B0EE-F8BDCE50A6C3}"
EndProject
Global
	GlobalSection(SolutionConfigurationPlatforms) = preSolution
		Debug|Any CPU = Debug|Any CPU
		Release|Any CPU = Release|Any CPU
	EndGlobalSection
	GlobalSection(ProjectConfigurationPlatforms) = postSolution
		{A04D70E3-69E5-4E56-A191-54564E31AC3E}.Debug|Any CPU.ActiveCfg = Debug|Any CPU
		{A04D70E3-69E5-4E56-A191-54564E31AC3E}.Debug|Any CPU.Build.0 = Debug|Any CPU
		{A04D70E3-69E5-4E56-A191-54564E31AC3E}.Release|Any CPU.ActiveCfg = Release|Any CPU
		{A04D70E3-69E5-4E56-A191-54564E31AC3E}.Release|Any CPU.Build.0 = Release|Any CPU
		{1BAC2B8A-03CE-42A1-B45E-067A43CF4809}.Debug|Any CPU.ActiveCfg = Debug|Any CPU
		{1BAC2B8A-03CE-42A1-B45E-067A43CF4809}.Debug|Any CPU.Build.0 = Debug|Any CPU
		{1BAC2B8A-03CE-42A1-B45E-067A43CF4809}.Release|Any CPU.ActiveCfg = Release|Any CPU
		{1BAC2B8A-03CE-42A1-B45E-067A43CF4809}.Release|Any CPU.Build.0 = Release|Any CPU
		{A0968DCA-FC36-4F2D-B188-AD21BC54786B}.Debug|Any CPU.ActiveCfg = Debug|Any CPU
		{A0968DCA-FC36-4F2D-B188-AD21BC54786B}.Debug|Any CPU.Build.0 = Debug|Any CPU
		{A0968DCA-FC36-4F2D-B188-AD21BC54786B}.Release|Any CPU.ActiveCfg = Release|Any CPU
		{A0968DCA-FC36-4F2D-B188-AD21BC54786B}.Release|Any CPU.Build.0 = Release|Any CPU
		{08992508-F7EF-4562-A1EE-4F7EED15AC48}.Debug|Any CPU.ActiveCfg = Debug|Any CPU
		{08992508-F7EF-4562-A1EE-4F7EED15AC48}.Debug|Any CPU.Build.0 = Debug|Any CPU
		{08992508-F7EF-4562-A1EE-4F7EED15AC48}.Release|Any CPU.ActiveCfg = Release|Any CPU
		{08992508-F7EF-4562-A1EE-4F7EED15AC48}.Release|Any CPU.Build.0 = Release|Any CPU
		{2208D98F-6DE3-405A-B0EE-F8BDCE50A6C3}.Debug|Any CPU.ActiveCfg = Debug|Any CPU
		{2208D98F-6DE3-405A-B0EE-F8BDCE50A6C3}.Debug|Any CPU.Build.0 = Debug|Any CPU
		{2208D98F-6DE3-405A-B0EE-F8BDCE50A6C3}.Release|Any CPU.ActiveCfg = Release|Any CPU
		{2208D98F-6DE3-405A-B0EE-F8BDCE50A6C3}.Release|Any CPU.Build.0 = Release|Any CPU
	EndGlobalSection
	GlobalSection(SolutionProperties) = preSolution
		HideSolutionNode = FALSE
	EndGlobalSection
	GlobalSection(ExtensibilityGlobals) = postSolution
		SolutionGuid = {9F2209B9-9A34-453B-87A9-5D7BC634E61B}
	EndGlobalSection
EndGlobal
